// !$*UTF8*$!
{
	archiveVersion = 1;
	classes = {
	};
	objectVersion = 56;
	objects = {

/* Begin PBXBuildFile section */
		1CFE14EB298543C2002FEAD7 /* BrowsrAppApp.swift in Sources */ = {isa = PBXBuildFile; fileRef = 1CFE14EA298543C2002FEAD7 /* BrowsrAppApp.swift */; };
		1CFE14ED298543C2002FEAD7 /* ContentView.swift in Sources */ = {isa = PBXBuildFile; fileRef = 1CFE14EC298543C2002FEAD7 /* ContentView.swift */; };
		1CFE14EF298543C4002FEAD7 /* Assets.xcassets in Resources */ = {isa = PBXBuildFile; fileRef = 1CFE14EE298543C4002FEAD7 /* Assets.xcassets */; };
		1CFE14F2298543C4002FEAD7 /* Preview Assets.xcassets in Resources */ = {isa = PBXBuildFile; fileRef = 1CFE14F1298543C4002FEAD7 /* Preview Assets.xcassets */; };
		1CFE14FC298543C5002FEAD7 /* BrowsrAppTests.swift in Sources */ = {isa = PBXBuildFile; fileRef = 1CFE14FB298543C5002FEAD7 /* BrowsrAppTests.swift */; };
		1CFE1506298543C5002FEAD7 /* BrowsrAppUITests.swift in Sources */ = {isa = PBXBuildFile; fileRef = 1CFE1505298543C5002FEAD7 /* BrowsrAppUITests.swift */; };
		1CFE1508298543C5002FEAD7 /* BrowsrAppUITestsLaunchTests.swift in Sources */ = {isa = PBXBuildFile; fileRef = 1CFE1507298543C5002FEAD7 /* BrowsrAppUITestsLaunchTests.swift */; };
/* End PBXBuildFile section */

/* Begin PBXContainerItemProxy section */
		1CFE14F8298543C5002FEAD7 /* PBXContainerItemProxy */ = {
			isa = PBXContainerItemProxy;
			containerPortal = 1CFE14DF298543C2002FEAD7 /* Project object */;
			proxyType = 1;
			remoteGlobalIDString = 1CFE14E6298543C2002FEAD7;
			remoteInfo = BrowsrApp;
		};
		1CFE1502298543C5002FEAD7 /* PBXContainerItemProxy */ = {
			isa = PBXContainerItemProxy;
			containerPortal = 1CFE14DF298543C2002FEAD7 /* Project object */;
			proxyType = 1;
			remoteGlobalIDString = 1CFE14E6298543C2002FEAD7;
			remoteInfo = BrowsrApp;
		};
/* End PBXContainerItemProxy section */

/* Begin PBXFileReference section */
		1CFE14E7298543C2002FEAD7 /* BrowsrApp.app */ = {isa = PBXFileReference; explicitFileType = wrapper.application; includeInIndex = 0; path = BrowsrApp.app; sourceTree = BUILT_PRODUCTS_DIR; };
		1CFE14EA298543C2002FEAD7 /* BrowsrAppApp.swift */ = {isa = PBXFileReference; lastKnownFileType = sourcecode.swift; path = BrowsrAppApp.swift; sourceTree = "<group>"; };
		1CFE14EC298543C2002FEAD7 /* ContentView.swift */ = {isa = PBXFileReference; lastKnownFileType = sourcecode.swift; path = ContentView.swift; sourceTree = "<group>"; };
		1CFE14EE298543C4002FEAD7 /* Assets.xcassets */ = {isa = PBXFileReference; lastKnownFileType = folder.assetcatalog; path = Assets.xcassets; sourceTree = "<group>"; };
		1CFE14F1298543C4002FEAD7 /* Preview Assets.xcassets */ = {isa = PBXFileReference; lastKnownFileType = folder.assetcatalog; path = "Preview Assets.xcassets"; sourceTree = "<group>"; };
		1CFE14F7298543C5002FEAD7 /* BrowsrAppTests.xctest */ = {isa = PBXFileReference; explicitFileType = wrapper.cfbundle; includeInIndex = 0; path = BrowsrAppTests.xctest; sourceTree = BUILT_PRODUCTS_DIR; };
		1CFE14FB298543C5002FEAD7 /* BrowsrAppTests.swift */ = {isa = PBXFileReference; lastKnownFileType = sourcecode.swift; path = BrowsrAppTests.swift; sourceTree = "<group>"; };
		1CFE1501298543C5002FEAD7 /* BrowsrAppUITests.xctest */ = {isa = PBXFileReference; explicitFileType = wrapper.cfbundle; includeInIndex = 0; path = BrowsrAppUITests.xctest; sourceTree = BUILT_PRODUCTS_DIR; };
		1CFE1505298543C5002FEAD7 /* BrowsrAppUITests.swift */ = {isa = PBXFileReference; lastKnownFileType = sourcecode.swift; path = BrowsrAppUITests.swift; sourceTree = "<group>"; };
		1CFE1507298543C5002FEAD7 /* BrowsrAppUITestsLaunchTests.swift */ = {isa = PBXFileReference; lastKnownFileType = sourcecode.swift; path = BrowsrAppUITestsLaunchTests.swift; sourceTree = "<group>"; };
/* End PBXFileReference section */

/* Begin PBXFrameworksBuildPhase section */
		1CFE14E4298543C2002FEAD7 /* Frameworks */ = {
			isa = PBXFrameworksBuildPhase;
			buildActionMask = 2147483647;
			files = (
			);
			runOnlyForDeploymentPostprocessing = 0;
		};
		1CFE14F4298543C5002FEAD7 /* Frameworks */ = {
			isa = PBXFrameworksBuildPhase;
			buildActionMask = 2147483647;
			files = (
			);
			runOnlyForDeploymentPostprocessing = 0;
		};
		1CFE14FE298543C5002FEAD7 /* Frameworks */ = {
			isa = PBXFrameworksBuildPhase;
			buildActionMask = 2147483647;
			files = (
			);
			runOnlyForDeploymentPostprocessing = 0;
		};
/* End PBXFrameworksBuildPhase section */

/* Begin PBXGroup section */
		1CFE14DE298543C2002FEAD7 = {
			isa = PBXGroup;
			children = (
				1CFE14E9298543C2002FEAD7 /* BrowsrApp */,
				1CFE14FA298543C5002FEAD7 /* BrowsrAppTests */,
				1CFE1504298543C5002FEAD7 /* BrowsrAppUITests */,
				1CFE14E8298543C2002FEAD7 /* Products */,
			);
			sourceTree = "<group>";
		};
		1CFE14E8298543C2002FEAD7 /* Products */ = {
			isa = PBXGroup;
			children = (
				1CFE14E7298543C2002FEAD7 /* BrowsrApp.app */,
				1CFE14F7298543C5002FEAD7 /* BrowsrAppTests.xctest */,
				1CFE1501298543C5002FEAD7 /* BrowsrAppUITests.xctest */,
			);
			name = Products;
			sourceTree = "<group>";
		};
		1CFE14E9298543C2002FEAD7 /* BrowsrApp */ = {
			isa = PBXGroup;
			children = (
				1CFE14EA298543C2002FEAD7 /* BrowsrAppApp.swift */,
				1CFE14EC298543C2002FEAD7 /* ContentView.swift */,
				1CFE14EE298543C4002FEAD7 /* Assets.xcassets */,
				1CFE14F0298543C4002FEAD7 /* Preview Content */,
			);
			path = BrowsrApp;
			sourceTree = "<group>";
		};
		1CFE14F0298543C4002FEAD7 /* Preview Content */ = {
			isa = PBXGroup;
			children = (
				1CFE14F1298543C4002FEAD7 /* Preview Assets.xcassets */,
			);
			path = "Preview Content";
			sourceTree = "<group>";
		};
		1CFE14FA298543C5002FEAD7 /* BrowsrAppTests */ = {
			isa = PBXGroup;
			children = (
				1CFE14FB298543C5002FEAD7 /* BrowsrAppTests.swift */,
			);
			path = BrowsrAppTests;
			sourceTree = "<group>";
		};
		1CFE1504298543C5002FEAD7 /* BrowsrAppUITests */ = {
			isa = PBXGroup;
			children = (
				1CFE1505298543C5002FEAD7 /* BrowsrAppUITests.swift */,
				1CFE1507298543C5002FEAD7 /* BrowsrAppUITestsLaunchTests.swift */,
			);
			path = BrowsrAppUITests;
			sourceTree = "<group>";
		};
/* End PBXGroup section */

/* Begin PBXNativeTarget section */
		1CFE14E6298543C2002FEAD7 /* BrowsrApp */ = {
			isa = PBXNativeTarget;
			buildConfigurationList = 1CFE150B298543C5002FEAD7 /* Build configuration list for PBXNativeTarget "BrowsrApp" */;
			buildPhases = (
				1CFE14E3298543C2002FEAD7 /* Sources */,
				1CFE14E4298543C2002FEAD7 /* Frameworks */,
				1CFE14E5298543C2002FEAD7 /* Resources */,
			);
			buildRules = (
			);
			dependencies = (
			);
			name = BrowsrApp;
			productName = BrowsrApp;
			productReference = 1CFE14E7298543C2002FEAD7 /* BrowsrApp.app */;
			productType = "com.apple.product-type.application";
		};
		1CFE14F6298543C5002FEAD7 /* BrowsrAppTests */ = {
			isa = PBXNativeTarget;
			buildConfigurationList = 1CFE150E298543C5002FEAD7 /* Build configuration list for PBXNativeTarget "BrowsrAppTests" */;
			buildPhases = (
				1CFE14F3298543C5002FEAD7 /* Sources */,
				1CFE14F4298543C5002FEAD7 /* Frameworks */,
				1CFE14F5298543C5002FEAD7 /* Resources */,
			);
			buildRules = (
			);
			dependencies = (
				1CFE14F9298543C5002FEAD7 /* PBXTargetDependency */,
			);
			name = BrowsrAppTests;
			productName = BrowsrAppTests;
			productReference = 1CFE14F7298543C5002FEAD7 /* BrowsrAppTests.xctest */;
			productType = "com.apple.product-type.bundle.unit-test";
		};
		1CFE1500298543C5002FEAD7 /* BrowsrAppUITests */ = {
			isa = PBXNativeTarget;
			buildConfigurationList = 1CFE1511298543C5002FEAD7 /* Build configuration list for PBXNativeTarget "BrowsrAppUITests" */;
			buildPhases = (
				1CFE14FD298543C5002FEAD7 /* Sources */,
				1CFE14FE298543C5002FEAD7 /* Frameworks */,
				1CFE14FF298543C5002FEAD7 /* Resources */,
			);
			buildRules = (
			);
			dependencies = (
				1CFE1503298543C5002FEAD7 /* PBXTargetDependency */,
			);
			name = BrowsrAppUITests;
			productName = BrowsrAppUITests;
			productReference = 1CFE1501298543C5002FEAD7 /* BrowsrAppUITests.xctest */;
			productType = "com.apple.product-type.bundle.ui-testing";
		};
/* End PBXNativeTarget section */

/* Begin PBXProject section */
		1CFE14DF298543C2002FEAD7 /* Project object */ = {
			isa = PBXProject;
			attributes = {
				BuildIndependentTargetsInParallel = 1;
				LastSwiftUpdateCheck = 1420;
				LastUpgradeCheck = 1420;
				TargetAttributes = {
					1CFE14E6298543C2002FEAD7 = {
						CreatedOnToolsVersion = 14.2;
					};
					1CFE14F6298543C5002FEAD7 = {
						CreatedOnToolsVersion = 14.2;
						TestTargetID = 1CFE14E6298543C2002FEAD7;
					};
					1CFE1500298543C5002FEAD7 = {
						CreatedOnToolsVersion = 14.2;
						TestTargetID = 1CFE14E6298543C2002FEAD7;
					};
				};
			};
			buildConfigurationList = 1CFE14E2298543C2002FEAD7 /* Build configuration list for PBXProject "BrowsrApp" */;
			compatibilityVersion = "Xcode 14.0";
			developmentRegion = en;
			hasScannedForEncodings = 0;
			knownRegions = (
				en,
				Base,
			);
			mainGroup = 1CFE14DE298543C2002FEAD7;
			productRefGroup = 1CFE14E8298543C2002FEAD7 /* Products */;
			projectDirPath = "";
			projectRoot = "";
			targets = (
				1CFE14E6298543C2002FEAD7 /* BrowsrApp */,
				1CFE14F6298543C5002FEAD7 /* BrowsrAppTests */,
				1CFE1500298543C5002FEAD7 /* BrowsrAppUITests */,
			);
		};
/* End PBXProject section */

/* Begin PBXResourcesBuildPhase section */
		1CFE14E5298543C2002FEAD7 /* Resources */ = {
			isa = PBXResourcesBuildPhase;
			buildActionMask = 2147483647;
			files = (
				1CFE14F2298543C4002FEAD7 /* Preview Assets.xcassets in Resources */,
				1CFE14EF298543C4002FEAD7 /* Assets.xcassets in Resources */,
			);
			runOnlyForDeploymentPostprocessing = 0;
		};
		1CFE14F5298543C5002FEAD7 /* Resources */ = {
			isa = PBXResourcesBuildPhase;
			buildActionMask = 2147483647;
			files = (
			);
			runOnlyForDeploymentPostprocessing = 0;
		};
		1CFE14FF298543C5002FEAD7 /* Resources */ = {
			isa = PBXResourcesBuildPhase;
			buildActionMask = 2147483647;
			files = (
			);
			runOnlyForDeploymentPostprocessing = 0;
		};
/* End PBXResourcesBuildPhase section */

/* Begin PBXSourcesBuildPhase section */
		1CFE14E3298543C2002FEAD7 /* Sources */ = {
			isa = PBXSourcesBuildPhase;
			buildActionMask = 2147483647;
			files = (
				1CFE14ED298543C2002FEAD7 /* ContentView.swift in Sources */,
				1CFE14EB298543C2002FEAD7 /* BrowsrAppApp.swift in Sources */,
			);
			runOnlyForDeploymentPostprocessing = 0;
		};
		1CFE14F3298543C5002FEAD7 /* Sources */ = {
			isa = PBXSourcesBuildPhase;
			buildActionMask = 2147483647;
			files = (
				1CFE14FC298543C5002FEAD7 /* BrowsrAppTests.swift in Sources */,
			);
			runOnlyForDeploymentPostprocessing = 0;
		};
		1CFE14FD298543C5002FEAD7 /* Sources */ = {
			isa = PBXSourcesBuildPhase;
			buildActionMask = 2147483647;
			files = (
				1CFE1506298543C5002FEAD7 /* BrowsrAppUITests.swift in Sources */,
				1CFE1508298543C5002FEAD7 /* BrowsrAppUITestsLaunchTests.swift in Sources */,
			);
			runOnlyForDeploymentPostprocessing = 0;
		};
/* End PBXSourcesBuildPhase section */

/* Begin PBXTargetDependency section */
		1CFE14F9298543C5002FEAD7 /* PBXTargetDependency */ = {
			isa = PBXTargetDependency;
			target = 1CFE14E6298543C2002FEAD7 /* BrowsrApp */;
			targetProxy = 1CFE14F8298543C5002FEAD7 /* PBXContainerItemProxy */;
		};
		1CFE1503298543C5002FEAD7 /* PBXTargetDependency */ = {
			isa = PBXTargetDependency;
			target = 1CFE14E6298543C2002FEAD7 /* BrowsrApp */;
			targetProxy = 1CFE1502298543C5002FEAD7 /* PBXContainerItemProxy */;
		};
/* End PBXTargetDependency section */

/* Begin XCBuildConfiguration section */
		1CFE1509298543C5002FEAD7 /* Debug */ = {
			isa = XCBuildConfiguration;
			buildSettings = {
				ALWAYS_SEARCH_USER_PATHS = NO;
				CLANG_ANALYZER_NONNULL = YES;
				CLANG_ANALYZER_NUMBER_OBJECT_CONVERSION = YES_AGGRESSIVE;
				CLANG_CXX_LANGUAGE_STANDARD = "gnu++20";
				CLANG_ENABLE_MODULES = YES;
				CLANG_ENABLE_OBJC_ARC = YES;
				CLANG_ENABLE_OBJC_WEAK = YES;
				CLANG_WARN_BLOCK_CAPTURE_AUTORELEASING = YES;
				CLANG_WARN_BOOL_CONVERSION = YES;
				CLANG_WARN_COMMA = YES;
				CLANG_WARN_CONSTANT_CONVERSION = YES;
				CLANG_WARN_DEPRECATED_OBJC_IMPLEMENTATIONS = YES;
				CLANG_WARN_DIRECT_OBJC_ISA_USAGE = YES_ERROR;
				CLANG_WARN_DOCUMENTATION_COMMENTS = YES;
				CLANG_WARN_EMPTY_BODY = YES;
				CLANG_WARN_ENUM_CONVERSION = YES;
				CLANG_WARN_INFINITE_RECURSION = YES;
				CLANG_WARN_INT_CONVERSION = YES;
				CLANG_WARN_NON_LITERAL_NULL_CONVERSION = YES;
				CLANG_WARN_OBJC_IMPLICIT_RETAIN_SELF = YES;
				CLANG_WARN_OBJC_LITERAL_CONVERSION = YES;
				CLANG_WARN_OBJC_ROOT_CLASS = YES_ERROR;
				CLANG_WARN_QUOTED_INCLUDE_IN_FRAMEWORK_HEADER = YES;
				CLANG_WARN_RANGE_LOOP_ANALYSIS = YES;
				CLANG_WARN_STRICT_PROTOTYPES = YES;
				CLANG_WARN_SUSPICIOUS_MOVE = YES;
				CLANG_WARN_UNGUARDED_AVAILABILITY = YES_AGGRESSIVE;
				CLANG_WARN_UNREACHABLE_CODE = YES;
				CLANG_WARN__DUPLICATE_METHOD_MATCH = YES;
				COPY_PHASE_STRIP = NO;
				DEBUG_INFORMATION_FORMAT = dwarf;
				ENABLE_STRICT_OBJC_MSGSEND = YES;
				ENABLE_TESTABILITY = YES;
				GCC_C_LANGUAGE_STANDARD = gnu11;
				GCC_DYNAMIC_NO_PIC = NO;
				GCC_NO_COMMON_BLOCKS = YES;
				GCC_OPTIMIZATION_LEVEL = 0;
				GCC_PREPROCESSOR_DEFINITIONS = (
					"DEBUG=1",
					"$(inherited)",
				);
				GCC_WARN_64_TO_32_BIT_CONVERSION = YES;
				GCC_WARN_ABOUT_RETURN_TYPE = YES_ERROR;
				GCC_WARN_UNDECLARED_SELECTOR = YES;
				GCC_WARN_UNINITIALIZED_AUTOS = YES_AGGRESSIVE;
				GCC_WARN_UNUSED_FUNCTION = YES;
				GCC_WARN_UNUSED_VARIABLE = YES;
				IPHONEOS_DEPLOYMENT_TARGET = 16.2;
				MTL_ENABLE_DEBUG_INFO = INCLUDE_SOURCE;
				MTL_FAST_MATH = YES;
				ONLY_ACTIVE_ARCH = YES;
				SDKROOT = iphoneos;
				SWIFT_ACTIVE_COMPILATION_CONDITIONS = DEBUG;
				SWIFT_OPTIMIZATION_LEVEL = "-Onone";
			};
			name = Debug;
		};
		1CFE150A298543C5002FEAD7 /* Release */ = {
			isa = XCBuildConfiguration;
			buildSettings = {
				ALWAYS_SEARCH_USER_PATHS = NO;
				CLANG_ANALYZER_NONNULL = YES;
				CLANG_ANALYZER_NUMBER_OBJECT_CONVERSION = YES_AGGRESSIVE;
				CLANG_CXX_LANGUAGE_STANDARD = "gnu++20";
				CLANG_ENABLE_MODULES = YES;
				CLANG_ENABLE_OBJC_ARC = YES;
				CLANG_ENABLE_OBJC_WEAK = YES;
				CLANG_WARN_BLOCK_CAPTURE_AUTORELEASING = YES;
				CLANG_WARN_BOOL_CONVERSION = YES;
				CLANG_WARN_COMMA = YES;
				CLANG_WARN_CONSTANT_CONVERSION = YES;
				CLANG_WARN_DEPRECATED_OBJC_IMPLEMENTATIONS = YES;
				CLANG_WARN_DIRECT_OBJC_ISA_USAGE = YES_ERROR;
				CLANG_WARN_DOCUMENTATION_COMMENTS = YES;
				CLANG_WARN_EMPTY_BODY = YES;
				CLANG_WARN_ENUM_CONVERSION = YES;
				CLANG_WARN_INFINITE_RECURSION = YES;
				CLANG_WARN_INT_CONVERSION = YES;
				CLANG_WARN_NON_LITERAL_NULL_CONVERSION = YES;
				CLANG_WARN_OBJC_IMPLICIT_RETAIN_SELF = YES;
				CLANG_WARN_OBJC_LITERAL_CONVERSION = YES;
				CLANG_WARN_OBJC_ROOT_CLASS = YES_ERROR;
				CLANG_WARN_QUOTED_INCLUDE_IN_FRAMEWORK_HEADER = YES;
				CLANG_WARN_RANGE_LOOP_ANALYSIS = YES;
				CLANG_WARN_STRICT_PROTOTYPES = YES;
				CLANG_WARN_SUSPICIOUS_MOVE = YES;
				CLANG_WARN_UNGUARDED_AVAILABILITY = YES_AGGRESSIVE;
				CLANG_WARN_UNREACHABLE_CODE = YES;
				CLANG_WARN__DUPLICATE_METHOD_MATCH = YES;
				COPY_PHASE_STRIP = NO;
				DEBUG_INFORMATION_FORMAT = "dwarf-with-dsym";
				ENABLE_NS_ASSERTIONS = NO;
				ENABLE_STRICT_OBJC_MSGSEND = YES;
				GCC_C_LANGUAGE_STANDARD = gnu11;
				GCC_NO_COMMON_BLOCKS = YES;
				GCC_WARN_64_TO_32_BIT_CONVERSION = YES;
				GCC_WARN_ABOUT_RETURN_TYPE = YES_ERROR;
				GCC_WARN_UNDECLARED_SELECTOR = YES;
				GCC_WARN_UNINITIALIZED_AUTOS = YES_AGGRESSIVE;
				GCC_WARN_UNUSED_FUNCTION = YES;
				GCC_WARN_UNUSED_VARIABLE = YES;
				IPHONEOS_DEPLOYMENT_TARGET = 16.2;
				MTL_ENABLE_DEBUG_INFO = NO;
				MTL_FAST_MATH = YES;
				SDKROOT = iphoneos;
				SWIFT_COMPILATION_MODE = wholemodule;
				SWIFT_OPTIMIZATION_LEVEL = "-O";
				VALIDATE_PRODUCT = YES;
			};
			name = Release;
		};
		1CFE150C298543C5002FEAD7 /* Debug */ = {
			isa = XCBuildConfiguration;
			buildSettings = {
				ASSETCATALOG_COMPILER_APPICON_NAME = AppIcon;
				ASSETCATALOG_COMPILER_GLOBAL_ACCENT_COLOR_NAME = AccentColor;
				CODE_SIGN_STYLE = Automatic;
				CURRENT_PROJECT_VERSION = 1;
				DEVELOPMENT_ASSET_PATHS = "\"BrowsrApp/Preview Content\"";
				DEVELOPMENT_TEAM = 2G6DFJ545P;
				ENABLE_PREVIEWS = YES;
				GENERATE_INFOPLIST_FILE = YES;
				INFOPLIST_KEY_UIApplicationSceneManifest_Generation = YES;
				INFOPLIST_KEY_UIApplicationSupportsIndirectInputEvents = YES;
				INFOPLIST_KEY_UILaunchScreen_Generation = YES;
				INFOPLIST_KEY_UISupportedInterfaceOrientations_iPad = "UIInterfaceOrientationPortrait UIInterfaceOrientationPortraitUpsideDown UIInterfaceOrientationLandscapeLeft UIInterfaceOrientationLandscapeRight";
				INFOPLIST_KEY_UISupportedInterfaceOrientations_iPhone = "UIInterfaceOrientationPortrait UIInterfaceOrientationLandscapeLeft UIInterfaceOrientationLandscapeRight";
				LD_RUNPATH_SEARCH_PATHS = (
					"$(inherited)",
					"@executable_path/Frameworks",
				);
				MARKETING_VERSION = 1.0;
				PRODUCT_BUNDLE_IDENTIFIER = Thryve.BrowsrApp;
				PRODUCT_NAME = "$(TARGET_NAME)";
				SWIFT_EMIT_LOC_STRINGS = YES;
				SWIFT_VERSION = 5.0;
				TARGETED_DEVICE_FAMILY = "1,2";
			};
			name = Debug;
		};
		1CFE150D298543C5002FEAD7 /* Release */ = {
			isa = XCBuildConfiguration;
			buildSettings = {
				ASSETCATALOG_COMPILER_APPICON_NAME = AppIcon;
				ASSETCATALOG_COMPILER_GLOBAL_ACCENT_COLOR_NAME = AccentColor;
				CODE_SIGN_STYLE = Automatic;
				CURRENT_PROJECT_VERSION = 1;
				DEVELOPMENT_ASSET_PATHS = "\"BrowsrApp/Preview Content\"";
				DEVELOPMENT_TEAM = 2G6DFJ545P;
				ENABLE_PREVIEWS = YES;
				GENERATE_INFOPLIST_FILE = YES;
				INFOPLIST_KEY_UIApplicationSceneManifest_Generation = YES;
				INFOPLIST_KEY_UIApplicationSupportsIndirectInputEvents = YES;
				INFOPLIST_KEY_UILaunchScreen_Generation = YES;
				INFOPLIST_KEY_UISupportedInterfaceOrientations_iPad = "UIInterfaceOrientationPortrait UIInterfaceOrientationPortraitUpsideDown UIInterfaceOrientationLandscapeLeft UIInterfaceOrientationLandscapeRight";
				INFOPLIST_KEY_UISupportedInterfaceOrientations_iPhone = "UIInterfaceOrientationPortrait UIInterfaceOrientationLandscapeLeft UIInterfaceOrientationLandscapeRight";
				LD_RUNPATH_SEARCH_PATHS = (
					"$(inherited)",
					"@executable_path/Frameworks",
				);
				MARKETING_VERSION = 1.0;
				PRODUCT_BUNDLE_IDENTIFIER = Thryve.BrowsrApp;
				PRODUCT_NAME = "$(TARGET_NAME)";
				SWIFT_EMIT_LOC_STRINGS = YES;
				SWIFT_VERSION = 5.0;
				TARGETED_DEVICE_FAMILY = "1,2";
			};
			name = Release;
		};
		1CFE150F298543C5002FEAD7 /* Debug */ = {
			isa = XCBuildConfiguration;
			buildSettings = {
				ALWAYS_EMBED_SWIFT_STANDARD_LIBRARIES = YES;
				BUNDLE_LOADER = "$(TEST_HOST)";
				CODE_SIGN_STYLE = Automatic;
				CURRENT_PROJECT_VERSION = 1;
				DEVELOPMENT_TEAM = 2G6DFJ545P;
				GENERATE_INFOPLIST_FILE = YES;
				IPHONEOS_DEPLOYMENT_TARGET = 16.2;
				MARKETING_VERSION = 1.0;
				PRODUCT_BUNDLE_IDENTIFIER = Thryve.BrowsrAppTests;
				PRODUCT_NAME = "$(TARGET_NAME)";
				SWIFT_EMIT_LOC_STRINGS = NO;
				SWIFT_VERSION = 5.0;
				TARGETED_DEVICE_FAMILY = "1,2";
				TEST_HOST = "$(BUILT_PRODUCTS_DIR)/BrowsrApp.app/$(BUNDLE_EXECUTABLE_FOLDER_PATH)/BrowsrApp";
			};
			name = Debug;
		};
		1CFE1510298543C5002FEAD7 /* Release */ = {
			isa = XCBuildConfiguration;
			buildSettings = {
				ALWAYS_EMBED_SWIFT_STANDARD_LIBRARIES = YES;
				BUNDLE_LOADER = "$(TEST_HOST)";
				CODE_SIGN_STYLE = Automatic;
				CURRENT_PROJECT_VERSION = 1;
				DEVELOPMENT_TEAM = 2G6DFJ545P;
				GENERATE_INFOPLIST_FILE = YES;
				IPHONEOS_DEPLOYMENT_TARGET = 16.2;
				MARKETING_VERSION = 1.0;
				PRODUCT_BUNDLE_IDENTIFIER = Thryve.BrowsrAppTests;
				PRODUCT_NAME = "$(TARGET_NAME)";
				SWIFT_EMIT_LOC_STRINGS = NO;
				SWIFT_VERSION = 5.0;
				TARGETED_DEVICE_FAMILY = "1,2";
				TEST_HOST = "$(BUILT_PRODUCTS_DIR)/BrowsrApp.app/$(BUNDLE_EXECUTABLE_FOLDER_PATH)/BrowsrApp";
			};
			name = Release;
		};
		1CFE1512298543C5002FEAD7 /* Debug */ = {
			isa = XCBuildConfiguration;
			buildSettings = {
				ALWAYS_EMBED_SWIFT_STANDARD_LIBRARIES = YES;
				CODE_SIGN_STYLE = Automatic;
				CURRENT_PROJECT_VERSION = 1;
				DEVELOPMENT_TEAM = 2G6DFJ545P;
				GENERATE_INFOPLIST_FILE = YES;
				MARKETING_VERSION = 1.0;
				PRODUCT_BUNDLE_IDENTIFIER = Thryve.BrowsrAppUITests;
				PRODUCT_NAME = "$(TARGET_NAME)";
				SWIFT_EMIT_LOC_STRINGS = NO;
				SWIFT_VERSION = 5.0;
				TARGETED_DEVICE_FAMILY = "1,2";
				TEST_TARGET_NAME = BrowsrApp;
			};
			name = Debug;
		};
		1CFE1513298543C5002FEAD7 /* Release */ = {
			isa = XCBuildConfiguration;
			buildSettings = {
				ALWAYS_EMBED_SWIFT_STANDARD_LIBRARIES = YES;
				CODE_SIGN_STYLE = Automatic;
				CURRENT_PROJECT_VERSION = 1;
				DEVELOPMENT_TEAM = 2G6DFJ545P;
				GENERATE_INFOPLIST_FILE = YES;
				MARKETING_VERSION = 1.0;
				PRODUCT_BUNDLE_IDENTIFIER = Thryve.BrowsrAppUITests;
				PRODUCT_NAME = "$(TARGET_NAME)";
				SWIFT_EMIT_LOC_STRINGS = NO;
				SWIFT_VERSION = 5.0;
				TARGETED_DEVICE_FAMILY = "1,2";
				TEST_TARGET_NAME = BrowsrApp;
			};
			name = Release;
		};
/* End XCBuildConfiguration section */

/* Begin XCConfigurationList section */
		1CFE14E2298543C2002FEAD7 /* Build configuration list for PBXProject "BrowsrApp" */ = {
			isa = XCConfigurationList;
			buildConfigurations = (
				1CFE1509298543C5002FEAD7 /* Debug */,
				1CFE150A298543C5002FEAD7 /* Release */,
			);
			defaultConfigurationIsVisible = 0;
			defaultConfigurationName = Release;
		};
		1CFE150B298543C5002FEAD7 /* Build configuration list for PBXNativeTarget "BrowsrApp" */ = {
			isa = XCConfigurationList;
			buildConfigurations = (
				1CFE150C298543C5002FEAD7 /* Debug */,
				1CFE150D298543C5002FEAD7 /* Release */,
			);
			defaultConfigurationIsVisible = 0;
			defaultConfigurationName = Release;
		};
		1CFE150E298543C5002FEAD7 /* Build configuration list for PBXNativeTarget "BrowsrAppTests" */ = {
			isa = XCConfigurationList;
			buildConfigurations = (
				1CFE150F298543C5002FEAD7 /* Debug */,
				1CFE1510298543C5002FEAD7 /* Release */,
			);
			defaultConfigurationIsVisible = 0;
			defaultConfigurationName = Release;
		};
		1CFE1511298543C5002FEAD7 /* Build configuration list for PBXNativeTarget "BrowsrAppUITests" */ = {
			isa = XCConfigurationList;
			buildConfigurations = (
				1CFE1512298543C5002FEAD7 /* Debug */,
				1CFE1513298543C5002FEAD7 /* Release */,
			);
			defaultConfigurationIsVisible = 0;
			defaultConfigurationName = Release;
		};
/* End XCConfigurationList section */
	};
	rootObject = 1CFE14DF298543C2002FEAD7 /* Project object */;
}
